
Microsoft Visual Studio Solution File, Format Version 12.00
# Visual Studio Version 17
VisualStudioVersion = 17.8.34408.163
MinimumVisualStudioVersion = 10.0.40219.1
Project("{FAE04EC0-301F-11D3-BF4B-00C04F79EFBC}") = "ShoppingWebsite", "ShoppingWebsite\ShoppingWebsite.csproj", "{7AC8BECC-36D2-4140-BDC3-DA9455090BC0}"
EndProject
Global
	GlobalSection(SolutionConfigurationPlatforms) = preSolution
		Debug|Any CPU = Debug|Any CPU
		Release|Any CPU = Release|Any CPU
	EndGlobalSection
	GlobalSection(ProjectConfigurationPlatforms) = postSolution
		{7AC8BECC-36D2-4140-BDC3-DA9455090BC0}.Debug|Any CPU.ActiveCfg = Debug|Any CPU
		{7AC8BECC-36D2-4140-BDC3-DA9455090BC0}.Debug|Any CPU.Build.0 = Debug|Any CPU
		{7AC8BECC-36D2-4140-BDC3-DA9455090BC0}.Release|Any CPU.ActiveCfg = Release|Any CPU
		{7AC8BECC-36D2-4140-BDC3-DA9455090BC0}.Release|Any CPU.Build.0 = Release|Any CPU
	EndGlobalSection
	GlobalSection(SolutionProperties) = preSolution
		HideSolutionNode = FALSE
	EndGlobalSection
	GlobalSection(ExtensibilityGlobals) = postSolution
		SolutionGuid = {A4A1035E-2A32-4CA6-937A-8178D5547D6D}
	EndGlobalSection
EndGlobal
